
Microsoft Visual Studio Solution File, Format Version 12.00
# Visual Studio 15
VisualStudioVersion = 15.0.28307.271
MinimumVisualStudioVersion = 10.0.40219.1
Project("{9A19103F-16F7-4668-BE54-9A1E7A4F7556}") = "DnD", "DnD\DnD.csproj", "{2ACE055C-BEEA-43BC-842E-17726A96546F}"
EndProject
Project("{9A19103F-16F7-4668-BE54-9A1E7A4F7556}") = "DnD.UnitTests", "CharacterCreationTests\DnD.UnitTests.csproj", "{D4F86E0A-3C75-4CAA-95ED-1C1012BFE5DA}"
EndProject
Project("{9A19103F-16F7-4668-BE54-9A1E7A4F7556}") = "DnD.Characters.Core", "DnD.Character.Domain\DnD.Characters.Core.csproj", "{17D37158-1452-4CB2-8D9E-EE91101532D3}"
EndProject
Project("{9A19103F-16F7-4668-BE54-9A1E7A4F7556}") = "DnD.Characters.Infrastrtucture", "DnD.Characters.Data\DnD.Characters.Infrastrtucture.csproj", "{FCF100EF-AE10-4344-9027-16D9B8F8D3E3}"
EndProject
Project("{9A19103F-16F7-4668-BE54-9A1E7A4F7556}") = "DnD.IntegrationTests", "DnD.IntegrationTests\DnD.IntegrationTests.csproj", "{466C2362-9CF2-4FDA-8B2D-3F549F766441}"
EndProject
Global
	GlobalSection(SolutionConfigurationPlatforms) = preSolution
		Debug|Any CPU = Debug|Any CPU
		Release|Any CPU = Release|Any CPU
	EndGlobalSection
	GlobalSection(ProjectConfigurationPlatforms) = postSolution
		{2ACE055C-BEEA-43BC-842E-17726A96546F}.Debug|Any CPU.ActiveCfg = Debug|Any CPU
		{2ACE055C-BEEA-43BC-842E-17726A96546F}.Debug|Any CPU.Build.0 = Debug|Any CPU
		{2ACE055C-BEEA-43BC-842E-17726A96546F}.Release|Any CPU.ActiveCfg = Release|Any CPU
		{2ACE055C-BEEA-43BC-842E-17726A96546F}.Release|Any CPU.Build.0 = Release|Any CPU
		{D4F86E0A-3C75-4CAA-95ED-1C1012BFE5DA}.Debug|Any CPU.ActiveCfg = Debug|Any CPU
		{D4F86E0A-3C75-4CAA-95ED-1C1012BFE5DA}.Debug|Any CPU.Build.0 = Debug|Any CPU
		{D4F86E0A-3C75-4CAA-95ED-1C1012BFE5DA}.Release|Any CPU.ActiveCfg = Release|Any CPU
		{D4F86E0A-3C75-4CAA-95ED-1C1012BFE5DA}.Release|Any CPU.Build.0 = Release|Any CPU
		{17D37158-1452-4CB2-8D9E-EE91101532D3}.Debug|Any CPU.ActiveCfg = Debug|Any CPU
		{17D37158-1452-4CB2-8D9E-EE91101532D3}.Debug|Any CPU.Build.0 = Debug|Any CPU
		{17D37158-1452-4CB2-8D9E-EE91101532D3}.Release|Any CPU.ActiveCfg = Release|Any CPU
		{17D37158-1452-4CB2-8D9E-EE91101532D3}.Release|Any CPU.Build.0 = Release|Any CPU
		{FCF100EF-AE10-4344-9027-16D9B8F8D3E3}.Debug|Any CPU.ActiveCfg = Debug|Any CPU
		{FCF100EF-AE10-4344-9027-16D9B8F8D3E3}.Debug|Any CPU.Build.0 = Debug|Any CPU
		{FCF100EF-AE10-4344-9027-16D9B8F8D3E3}.Release|Any CPU.ActiveCfg = Release|Any CPU
		{FCF100EF-AE10-4344-9027-16D9B8F8D3E3}.Release|Any CPU.Build.0 = Release|Any CPU
		{466C2362-9CF2-4FDA-8B2D-3F549F766441}.Debug|Any CPU.ActiveCfg = Debug|Any CPU
		{466C2362-9CF2-4FDA-8B2D-3F549F766441}.Debug|Any CPU.Build.0 = Debug|Any CPU
		{466C2362-9CF2-4FDA-8B2D-3F549F766441}.Release|Any CPU.ActiveCfg = Release|Any CPU
		{466C2362-9CF2-4FDA-8B2D-3F549F766441}.Release|Any CPU.Build.0 = Release|Any CPU
	EndGlobalSection
	GlobalSection(SolutionProperties) = preSolution
		HideSolutionNode = FALSE
	EndGlobalSection
	GlobalSection(ExtensibilityGlobals) = postSolution
		SolutionGuid = {12475CA1-C191-4EFF-87C3-21B0B6790594}
	EndGlobalSection
EndGlobal
